// !$*UTF8*$!
{
	archiveVersion = 1;
	classes = {
	};
	objectVersion = 46;
	objects = {

/* Begin PBXBuildFile section */
		D549491A1E63D578001ECA9A /* AppDelegate.swift in Sources */ = {isa = PBXBuildFile; fileRef = D54949191E63D578001ECA9A /* AppDelegate.swift */; };
		D549491C1E63D578001ECA9A /* ViewController.swift in Sources */ = {isa = PBXBuildFile; fileRef = D549491B1E63D578001ECA9A /* ViewController.swift */; };
		D549491F1E63D578001ECA9A /* Main.storyboard in Resources */ = {isa = PBXBuildFile; fileRef = D549491D1E63D578001ECA9A /* Main.storyboard */; };
		D54949211E63D578001ECA9A /* Assets.xcassets in Resources */ = {isa = PBXBuildFile; fileRef = D54949201E63D578001ECA9A /* Assets.xcassets */; };
		D54949241E63D578001ECA9A /* LaunchScreen.storyboard in Resources */ = {isa = PBXBuildFile; fileRef = D54949221E63D578001ECA9A /* LaunchScreen.storyboard */; };
		D549492C1E63D5CC001ECA9A /* Calculator.swift in Sources */ = {isa = PBXBuildFile; fileRef = D549492B1E63D5CC001ECA9A /* Calculator.swift */; };
		D549492E1E63FAAC001ECA9A /* SettingsViewController.swift in Sources */ = {isa = PBXBuildFile; fileRef = D549492D1E63FAAC001ECA9A /* SettingsViewController.swift */; };
		D549493A1E66ADBD001ECA9A /* CustomSlider.swift in Sources */ = {isa = PBXBuildFile; fileRef = D54949391E66ADBD001ECA9A /* CustomSlider.swift */; };
		D54949411E680272001ECA9A /* Constants.swift in Sources */ = {isa = PBXBuildFile; fileRef = D54949401E680272001ECA9A /* Constants.swift */; };
/* End PBXBuildFile section */

/* Begin PBXFileReference section */
		D54949161E63D578001ECA9A /* TipCalculator.app */ = {isa = PBXFileReference; explicitFileType = wrapper.application; includeInIndex = 0; path = TipCalculator.app; sourceTree = BUILT_PRODUCTS_DIR; };
		D54949191E63D578001ECA9A /* AppDelegate.swift */ = {isa = PBXFileReference; lastKnownFileType = sourcecode.swift; path = AppDelegate.swift; sourceTree = "<group>"; };
		D549491B1E63D578001ECA9A /* ViewController.swift */ = {isa = PBXFileReference; lastKnownFileType = sourcecode.swift; path = ViewController.swift; sourceTree = "<group>"; };
		D549491E1E63D578001ECA9A /* Base */ = {isa = PBXFileReference; lastKnownFileType = file.storyboard; name = Base; path = Base.lproj/Main.storyboard; sourceTree = "<group>"; };
		D54949201E63D578001ECA9A /* Assets.xcassets */ = {isa = PBXFileReference; lastKnownFileType = folder.assetcatalog; path = Assets.xcassets; sourceTree = "<group>"; };
		D54949231E63D578001ECA9A /* Base */ = {isa = PBXFileReference; lastKnownFileType = file.storyboard; name = Base; path = Base.lproj/LaunchScreen.storyboard; sourceTree = "<group>"; };
		D54949251E63D578001ECA9A /* Info.plist */ = {isa = PBXFileReference; lastKnownFileType = text.plist.xml; path = Info.plist; sourceTree = "<group>"; };
		D549492B1E63D5CC001ECA9A /* Calculator.swift */ = {isa = PBXFileReference; fileEncoding = 4; lastKnownFileType = sourcecode.swift; path = Calculator.swift; sourceTree = "<group>"; };
		D549492D1E63FAAC001ECA9A /* SettingsViewController.swift */ = {isa = PBXFileReference; fileEncoding = 4; lastKnownFileType = sourcecode.swift; path = SettingsViewController.swift; sourceTree = "<group>"; };
		D54949391E66ADBD001ECA9A /* CustomSlider.swift */ = {isa = PBXFileReference; fileEncoding = 4; lastKnownFileType = sourcecode.swift; path = CustomSlider.swift; sourceTree = "<group>"; };
		D54949401E680272001ECA9A /* Constants.swift */ = {isa = PBXFileReference; fileEncoding = 4; lastKnownFileType = sourcecode.swift; path = Constants.swift; sourceTree = "<group>"; };
/* End PBXFileReference section */

/* Begin PBXFrameworksBuildPhase section */
		D54949131E63D578001ECA9A /* Frameworks */ = {
			isa = PBXFrameworksBuildPhase;
			buildActionMask = 2147483647;
			files = (
			);
			runOnlyForDeploymentPostprocessing = 0;
		};
/* End PBXFrameworksBuildPhase section */

/* Begin PBXGroup section */
		D549490D1E63D578001ECA9A = {
			isa = PBXGroup;
			children = (
				D54949181E63D578001ECA9A /* TipCalculator */,
				D54949171E63D578001ECA9A /* Products */,
			);
			sourceTree = "<group>";
		};
		D54949171E63D578001ECA9A /* Products */ = {
			isa = PBXGroup;
			children = (
				D54949161E63D578001ECA9A /* TipCalculator.app */,
			);
			name = Products;
			sourceTree = "<group>";
		};
		D54949181E63D578001ECA9A /* TipCalculator */ = {
			isa = PBXGroup;
			children = (
				D54949191E63D578001ECA9A /* AppDelegate.swift */,
				D549491B1E63D578001ECA9A /* ViewController.swift */,
				D549492B1E63D5CC001ECA9A /* Calculator.swift */,
				D54949391E66ADBD001ECA9A /* CustomSlider.swift */,
				D549492D1E63FAAC001ECA9A /* SettingsViewController.swift */,
				D54949401E680272001ECA9A /* Constants.swift */,
				D549491D1E63D578001ECA9A /* Main.storyboard */,
				D54949201E63D578001ECA9A /* Assets.xcassets */,
				D54949221E63D578001ECA9A /* LaunchScreen.storyboard */,
				D54949251E63D578001ECA9A /* Info.plist */,
			);
			path = TipCalculator;
			sourceTree = "<group>";
		};
/* End PBXGroup section */

/* Begin PBXNativeTarget section */
		D54949151E63D578001ECA9A /* TipCalculator */ = {
			isa = PBXNativeTarget;
			buildConfigurationList = D54949281E63D578001ECA9A /* Build configuration list for PBXNativeTarget "TipCalculator" */;
			buildPhases = (
				D54949121E63D578001ECA9A /* Sources */,
				D54949131E63D578001ECA9A /* Frameworks */,
				D54949141E63D578001ECA9A /* Resources */,
			);
			buildRules = (
			);
			dependencies = (
			);
			name = TipCalculator;
			productName = TipCalculator;
			productReference = D54949161E63D578001ECA9A /* TipCalculator.app */;
			productType = "com.apple.product-type.application";
		};
/* End PBXNativeTarget section */

/* Begin PBXProject section */
		D549490E1E63D578001ECA9A /* Project object */ = {
			isa = PBXProject;
			attributes = {
				LastSwiftUpdateCheck = 0820;
				LastUpgradeCheck = 0820;
				ORGANIZATIONNAME = Home;
				TargetAttributes = {
					D54949151E63D578001ECA9A = {
						CreatedOnToolsVersion = 8.2.1;
						ProvisioningStyle = Automatic;
					};
				};
			};
			buildConfigurationList = D54949111E63D578001ECA9A /* Build configuration list for PBXProject "TipCalculator" */;
			compatibilityVersion = "Xcode 3.2";
			developmentRegion = English;
			hasScannedForEncodings = 0;
			knownRegions = (
				en,
				Base,
			);
			mainGroup = D549490D1E63D578001ECA9A;
			productRefGroup = D54949171E63D578001ECA9A /* Products */;
			projectDirPath = "";
			projectRoot = "";
			targets = (
				D54949151E63D578001ECA9A /* TipCalculator */,
			);
		};
/* End PBXProject section */

/* Begin PBXResourcesBuildPhase section */
		D54949141E63D578001ECA9A /* Resources */ = {
			isa = PBXResourcesBuildPhase;
			buildActionMask = 2147483647;
			files = (
				D54949241E63D578001ECA9A /* LaunchScreen.storyboard in Resources */,
				D54949211E63D578001ECA9A /* Assets.xcassets in Resources */,
				D549491F1E63D578001ECA9A /* Main.storyboard in Resources */,
			);
			runOnlyForDeploymentPostprocessing = 0;
		};
/* End PBXResourcesBuildPhase section */

/* Begin PBXSourcesBuildPhase section */
		D54949121E63D578001ECA9A /* Sources */ = {
			isa = PBXSourcesBuildPhase;
			buildActionMask = 2147483647;
			files = (
				D549491C1E63D578001ECA9A /* ViewController.swift in Sources */,
				D549493A1E66ADBD001ECA9A /* CustomSlider.swift in Sources */,
				D549491A1E63D578001ECA9A /* AppDelegate.swift in Sources */,
				D549492C1E63D5CC001ECA9A /* Calculator.swift in Sources */,
				D549492E1E63FAAC001ECA9A /* SettingsViewController.swift in Sources */,
				D54949411E680272001ECA9A /* Constants.swift in Sources */,
			);
			runOnlyForDeploymentPostprocessing = 0;
		};
/* End PBXSourcesBuildPhase section */

/* Begin PBXVariantGroup section */
		D549491D1E63D578001ECA9A /* Main.storyboard */ = {
			isa = PBXVariantGroup;
			children = (
				D549491E1E63D578001ECA9A /* Base */,
			);
			name = Main.storyboard;
			sourceTree = "<group>";
		};
		D54949221E63D578001ECA9A /* LaunchScreen.storyboard */ = {
			isa = PBXVariantGroup;
			children = (
				D54949231E63D578001ECA9A /* Base */,
			);
			name = LaunchScreen.storyboard;
			sourceTree = "<group>";
		};
/* End PBXVariantGroup section */

/* Begin XCBuildConfiguration section */
		D54949261E63D578001ECA9A /* Debug */ = {
			isa = XCBuildConfiguration;
			buildSettings = {
				ALWAYS_SEARCH_USER_PATHS = NO;
				CLANG_ANALYZER_NONNULL = YES;
				CLANG_CXX_LANGUAGE_STANDARD = "gnu++0x";
				CLANG_CXX_LIBRARY = "libc++";
				CLANG_ENABLE_MODULES = YES;
				CLANG_ENABLE_OBJC_ARC = YES;
				CLANG_WARN_BOOL_CONVERSION = YES;
				CLANG_WARN_CONSTANT_CONVERSION = YES;
				CLANG_WARN_DIRECT_OBJC_ISA_USAGE = YES_ERROR;
				CLANG_WARN_DOCUMENTATION_COMMENTS = YES;
				CLANG_WARN_EMPTY_BODY = YES;
				CLANG_WARN_ENUM_CONVERSION = YES;
				CLANG_WARN_INFINITE_RECURSION = YES;
				CLANG_WARN_INT_CONVERSION = YES;
				CLANG_WARN_OBJC_ROOT_CLASS = YES_ERROR;
				CLANG_WARN_SUSPICIOUS_MOVE = YES;
				CLANG_WARN_UNREACHABLE_CODE = YES;
				CLANG_WARN__DUPLICATE_METHOD_MATCH = YES;
				"CODE_SIGN_IDENTITY[sdk=iphoneos*]" = "iPhone Developer";
				COPY_PHASE_STRIP = NO;
				DEBUG_INFORMATION_FORMAT = dwarf;
				ENABLE_STRICT_OBJC_MSGSEND = YES;
				ENABLE_TESTABILITY = YES;
				GCC_C_LANGUAGE_STANDARD = gnu99;
				GCC_DYNAMIC_NO_PIC = NO;
				GCC_NO_COMMON_BLOCKS = YES;
				GCC_OPTIMIZATION_LEVEL = 0;
				GCC_PREPROCESSOR_DEFINITIONS = (
					"DEBUG=1",
					"$(inherited)",
				);
				GCC_WARN_64_TO_32_BIT_CONVERSION = YES;
				GCC_WARN_ABOUT_RETURN_TYPE = YES_ERROR;
				GCC_WARN_UNDECLARED_SELECTOR = YES;
				GCC_WARN_UNINITIALIZED_AUTOS = YES_AGGRESSIVE;
				GCC_WARN_UNUSED_FUNCTION = YES;
				GCC_WARN_UNUSED_VARIABLE = YES;
				IPHONEOS_DEPLOYMENT_TARGET = 10.2;
				MTL_ENABLE_DEBUG_INFO = YES;
				ONLY_ACTIVE_ARCH = YES;
				SDKROOT = iphoneos;
				SWIFT_ACTIVE_COMPILATION_CONDITIONS = DEBUG;
				SWIFT_OPTIMIZATION_LEVEL = "-Onone";
				TARGETED_DEVICE_FAMILY = "1,2";
			};
			name = Debug;
		};
		D54949271E63D578001ECA9A /* Release */ = {
			isa = XCBuildConfiguration;
			buildSettings = {
				ALWAYS_SEARCH_USER_PATHS = NO;
				CLANG_ANALYZER_NONNULL = YES;
				CLANG_CXX_LANGUAGE_STANDARD = "gnu++0x";
				CLANG_CXX_LIBRARY = "libc++";
				CLANG_ENABLE_MODULES = YES;
				CLANG_ENABLE_OBJC_ARC = YES;
				CLANG_WARN_BOOL_CONVERSION = YES;
				CLANG_WARN_CONSTANT_CONVERSION = YES;
				CLANG_WARN_DIRECT_OBJC_ISA_USAGE = YES_ERROR;
				CLANG_WARN_DOCUMENTATION_COMMENTS = YES;
				CLANG_WARN_EMPTY_BODY = YES;
				CLANG_WARN_ENUM_CONVERSION = YES;
				CLANG_WARN_INFINITE_RECURSION = YES;
				CLANG_WARN_INT_CONVERSION = YES;
				CLANG_WARN_OBJC_ROOT_CLASS = YES_ERROR;
				CLANG_WARN_SUSPICIOUS_MOVE = YES;
				CLANG_WARN_UNREACHABLE_CODE = YES;
				CLANG_WARN__DUPLICATE_METHOD_MATCH = YES;
				"CODE_SIGN_IDENTITY[sdk=iphoneos*]" = "iPhone Developer";
				COPY_PHASE_STRIP = NO;
				DEBUG_INFORMATION_FORMAT = "dwarf-with-dsym";
				ENABLE_NS_ASSERTIONS = NO;
				ENABLE_STRICT_OBJC_MSGSEND = YES;
				GCC_C_LANGUAGE_STANDARD = gnu99;
				GCC_NO_COMMON_BLOCKS = YES;
				GCC_WARN_64_TO_32_BIT_CONVERSION = YES;
				GCC_WARN_ABOUT_RETURN_TYPE = YES_ERROR;
				GCC_WARN_UNDECLARED_SELECTOR = YES;
				GCC_WARN_UNINITIALIZED_AUTOS = YES_AGGRESSIVE;
				GCC_WARN_UNUSED_FUNCTION = YES;
				GCC_WARN_UNUSED_VARIABLE = YES;
				IPHONEOS_DEPLOYMENT_TARGET = 10.2;
				MTL_ENABLE_DEBUG_INFO = NO;
				SDKROOT = iphoneos;
				SWIFT_OPTIMIZATION_LEVEL = "-Owholemodule";
				TARGETED_DEVICE_FAMILY = "1,2";
				VALIDATE_PRODUCT = YES;
			};
			name = Release;
		};
		D54949291E63D578001ECA9A /* Debug */ = {
			isa = XCBuildConfiguration;
			buildSettings = {
				ASSETCATALOG_COMPILER_APPICON_NAME = AppIcon;
				INFOPLIST_FILE = TipCalculator/Info.plist;
				LD_RUNPATH_SEARCH_PATHS = "$(inherited) @executable_path/Frameworks";
				PRODUCT_BUNDLE_IDENTIFIER = com.kaushik.TipCalculator;
				PRODUCT_NAME = "$(TARGET_NAME)";
				SWIFT_VERSION = 3.0;
			};
			name = Debug;
		};
		D549492A1E63D578001ECA9A /* Release */ = {
			isa = XCBuildConfiguration;
			buildSettings = {
				ASSETCATALOG_COMPILER_APPICON_NAME = AppIcon;
				INFOPLIST_FILE = TipCalculator/Info.plist;
				LD_RUNPATH_SEARCH_PATHS = "$(inherited) @executable_path/Frameworks";
				PRODUCT_BUNDLE_IDENTIFIER = com.kaushik.TipCalculator;
				PRODUCT_NAME = "$(TARGET_NAME)";
				SWIFT_VERSION = 3.0;
			};
			name = Release;
		};
/* End XCBuildConfiguration section */

/* Begin XCConfigurationList section */
		D54949111E63D578001ECA9A /* Build configuration list for PBXProject "TipCalculator" */ = {
			isa = XCConfigurationList;
			buildConfigurations = (
				D54949261E63D578001ECA9A /* Debug */,
				D54949271E63D578001ECA9A /* Release */,
			);
			defaultConfigurationIsVisible = 0;
			defaultConfigurationName = Release;
		};
		D54949281E63D578001ECA9A /* Build configuration list for PBXNativeTarget "TipCalculator" */ = {
			isa = XCConfigurationList;
			buildConfigurations = (
				D54949291E63D578001ECA9A /* Debug */,
				D549492A1E63D578001ECA9A /* Release */,
			);
			defaultConfigurationIsVisible = 0;
			defaultConfigurationName = Release;
		};
/* End XCConfigurationList section */
	};
	rootObject = D549490E1E63D578001ECA9A /* Project object */;
}
